Microsoft Visual Studio Solution File, Format Version 12.00
# Visual Studio Version 17
VisualStudioVersion = 17.5.2.0
MinimumVisualStudioVersion = 10.0.40219.1
Project("{FAE04EC0-301F-11D3-BF4B-00C04F79EFBC}") = "reverse-proxy-server", "reverse-proxy-server.csproj", "{3ACE09FC-45A4-545D-C6A9-981A2AB72DF8}"
EndProject
Global
	GlobalSection(SolutionConfigurationPlatforms) = preSolution
		Debug|Any CPU = Debug|Any CPU
		Release|Any CPU = Release|Any CPU
	EndGlobalSection
	GlobalSection(ProjectConfigurationPlatforms) = postSolution
		{3ACE09FC-45A4-545D-C6A9-981A2AB72DF8}.Debug|Any CPU.ActiveCfg = Debug|Any CPU
		{3ACE09FC-45A4-545D-C6A9-981A2AB72DF8}.Debug|Any CPU.Build.0 = Debug|Any CPU
		{3ACE09FC-45A4-545D-C6A9-981A2AB72DF8}.Release|Any CPU.ActiveCfg = Release|Any CPU
		{3ACE09FC-45A4-545D-C6A9-981A2AB72DF8}.Release|Any CPU.Build.0 = Release|Any CPU
	EndGlobalSection
	GlobalSection(SolutionProperties) = preSolution
		HideSolutionNode = FALSE
	EndGlobalSection
	GlobalSection(ExtensibilityGlobals) = postSolution
		SolutionGuid = {432E3A2C-831E-4034-A0DA-7BAF463B9120}
	EndGlobalSection
EndGlobal
